
Microsoft Visual Studio Solution File, Format Version 12.00
# Visual Studio Version 17
VisualStudioVersion = 17.8.34330.188
MinimumVisualStudioVersion = 10.0.40219.1
Project("{FAE04EC0-301F-11D3-BF4B-00C04F79EFBC}") = "QuanLiNhaSach", "QuanLiNhaSach\QuanLiNhaSach.csproj", "{310CCACE-952E-447C-8A13-EA1B61DE18DD}"
EndProject
Global
	GlobalSection(SolutionConfigurationPlatforms) = preSolution
		Debug|Any CPU = Debug|Any CPU
		Release|Any CPU = Release|Any CPU
	EndGlobalSection
	GlobalSection(ProjectConfigurationPlatforms) = postSolution
		{310CCACE-952E-447C-8A13-EA1B61DE18DD}.Debug|Any CPU.ActiveCfg = Debug|Any CPU
		{310CCACE-952E-447C-8A13-EA1B61DE18DD}.Debug|Any CPU.Build.0 = Debug|Any CPU
		{310CCACE-952E-447C-8A13-EA1B61DE18DD}.Release|Any CPU.ActiveCfg = Release|Any CPU
		{310CCACE-952E-447C-8A13-EA1B61DE18DD}.Release|Any CPU.Build.0 = Release|Any CPU
	EndGlobalSection
	GlobalSection(SolutionProperties) = preSolution
		HideSolutionNode = FALSE
	EndGlobalSection
	GlobalSection(ExtensibilityGlobals) = postSolution
		SolutionGuid = {C9F2C820-7BED-4B82-8C64-44C962F68992}
	EndGlobalSection
EndGlobal
